
Microsoft Visual Studio Solution File, Format Version 12.00
# Visual Studio Version 17
VisualStudioVersion = 17.0.32014.148
MinimumVisualStudioVersion = 10.0.40219.1
Project("{FAE04EC0-301F-11D3-BF4B-00C04F79EFBC}") = "Przeszukiwanie2", "Przeszukiwanie2\Przeszukiwanie2.csproj", "{BB24AD0D-9B82-4D84-8E32-1A684F288AEE}"
EndProject
Global
	GlobalSection(SolutionConfigurationPlatforms) = preSolution
		Debug|Any CPU = Debug|Any CPU
		Release|Any CPU = Release|Any CPU
	EndGlobalSection
	GlobalSection(ProjectConfigurationPlatforms) = postSolution
		{BB24AD0D-9B82-4D84-8E32-1A684F288AEE}.Debug|Any CPU.ActiveCfg = Debug|Any CPU
		{BB24AD0D-9B82-4D84-8E32-1A684F288AEE}.Debug|Any CPU.Build.0 = Debug|Any CPU
		{BB24AD0D-9B82-4D84-8E32-1A684F288AEE}.Release|Any CPU.ActiveCfg = Release|Any CPU
		{BB24AD0D-9B82-4D84-8E32-1A684F288AEE}.Release|Any CPU.Build.0 = Release|Any CPU
	EndGlobalSection
	GlobalSection(SolutionProperties) = preSolution
		HideSolutionNode = FALSE
	EndGlobalSection
	GlobalSection(ExtensibilityGlobals) = postSolution
		SolutionGuid = {2F869F02-E9C1-475F-9D30-279EB5124904}
	EndGlobalSection
EndGlobal
